# This file may be used to create an environment using:
# $ conda create --name <env> --file <this file>
# platform: osx-arm64
@EXPLICIT
https://conda.anaconda.org/conda-forge/osx-arm64/ncurses-6.6-h1d4f5a5_0.conda#343d10ed5b44030a2f67193905aea159
https://conda.anaconda.org/conda-forge/osx-arm64/liblzma-5.8.3-h8088a28_0.conda#b1fd823b5ae54fbec272cea0811bd8a9
https://conda.anaconda.org/conda-forge/osx-arm64/libzlib-1.3.2-h8088a28_2.conda#bc5a5721b6439f2f62a84f2548136082
https://conda.anaconda.org/conda-forge/osx-arm64/libcxx-22.1.8-h55c6f16_0.conda#89f76a2a21a3ec3ec983b5eb237c4113
https://conda.anaconda.org/conda-forge/osx-arm64/libexpat-2.8.1-hf6b4638_1.conda#a915151d5d3c5bf039f5ccc8402a436f
https://conda.anaconda.org/conda-forge/osx-arm64/bzip2-1.0.8-hd037594_9.conda#620b85a3f45526a8bc4d23fd78fc22f0
https://conda.anaconda.org/conda-forge/osx-arm64/libbrotlicommon-1.2.0-hc919400_1.conda#006e7ddd8a110771134fcc4e1e3a6ffa
https://conda.anaconda.org/conda-forge/osx-arm64/libwebp-base-1.6.0-h07db88b_0.conda#e5e7d467f80da752be17796b87fe6385
https://conda.anaconda.org/conda-forge/osx-arm64/llvm-openmp-22.1.8-hc7d1edf_0.conda#a9c118f6343fb6301b6f3b4e94c4c562
https://conda.anaconda.org/conda-forge/osx-arm64/xorg-libxdmcp-1.1.5-hc919400_1.conda#9d1299ace1924aa8f4e0bc8e71dd0cf7
https://conda.anaconda.org/conda-forge/osx-arm64/xorg-libxau-1.0.12-hc919400_1.conda#78b548eed8227a689f93775d5d23ae09
https://conda.anaconda.org/conda-forge/osx-arm64/pthread-stubs-0.4-hd74edd7_1002.conda#415816daf82e0b23a736a069a75e9da7
https://conda.anaconda.org/conda-forge/osx-arm64/eigen-abi-5.0.1.100-h485a483_0.conda#517f7185d37c1fab8c8220c1110d82cb
https://conda.anaconda.org/conda-forge/osx-arm64/eigen-5.0.1-h44d0d2d_0.conda#56a644c825e7ea8da0866fcc016190f3
https://conda.anaconda.org/conda-forge/osx-arm64/libogg-1.3.5-h48c0fde_1.conda#29b8b11f6d7e6bd0e76c029dcf9dd024
https://conda.anaconda.org/conda-forge/osx-arm64/libopus-1.6.1-h1a92334_0.conda#7f414dd3fd1cb7a76e51fec074a9c49e
https://conda.anaconda.org/conda-forge/osx-arm64/dav1d-1.2.1-hb547adb_0.conda#5a74cdee497e6b65173e10d94582fae6
https://conda.anaconda.org/conda-forge/osx-arm64/icu-78.3-hef89b57_0.conda#f1182c91c0de31a7abd40cedf6a5ebef
https://conda.anaconda.org/conda-forge/osx-arm64/libboost-headers-1.90.0-hce30654_1.conda#d1a15433e40a71e9a879483e4f7bf307
https://conda.anaconda.org/conda-forge/osx-arm64/utfcpp-4.09-hce30654_0.conda#bf5e569456f850071049b692fe7ab755
https://conda.anaconda.org/conda-forge/osx-arm64/libdeflate-1.25-hc11a715_0.conda#a6130c709305cd9828b4e1bd9ba0000c
https://conda.anaconda.org/conda-forge/osx-arm64/libjpeg-turbo-3.2.0-h84a0fba_0.conda#8f05a69b7e870574a2d366043f1515b1
https://conda.anaconda.org/conda-forge/osx-arm64/glew-2.2.0-hba38e01_0.conda#13c0abed8df38b7e9678b7713559202a
https://conda.anaconda.org/conda-forge/osx-arm64/libntlm-1.8-h5505292_0.conda#c90c1d3bd778f5ec0d4bb4ef36cbd5b6
https://conda.anaconda.org/conda-forge/osx-arm64/libiconv-1.18-h23cfdf5_2.conda#4d5a7445f0b25b6a3ddbb56e790f5251
https://conda.anaconda.org/conda-forge/osx-arm64/fribidi-1.0.16-hc919400_0.conda#04bdce8d93a4ed181d1d726163c2d447
https://conda.anaconda.org/conda-forge/osx-arm64/xorg-libxshmfence-1.3.3-h5505292_0.conda#02e7bdcf116337a0e919f179fd481cf3
https://conda.anaconda.org/conda-forge/osx-arm64/lame-3.100-h1a8c8d9_1003.tar.bz2#bff0e851d66725f78dc2fd8b032ddb7e
https://conda.anaconda.org/conda-forge/osx-arm64/libev-4.33-h93a5062_2.conda#36d33e440c31857372a72137f78bacf5
https://conda.anaconda.org/conda-forge/osx-arm64/c-ares-1.34.8-h84a0fba_0.conda#187f3b77e761a2f126f9e09f165cebba
https://conda.anaconda.org/conda-forge/osx-arm64/jxrlib-1.1-h93a5062_3.conda#879997fd868f8e9e4c2a12aec8583799
https://conda.anaconda.org/conda-forge/osx-arm64/libdovi-3.3.2-h78f8ca3_4.conda#6ece15d35513fb9543cf45310cda72e1
https://conda.anaconda.org/conda-forge/osx-arm64/x264-1%21164.3095-h57fd34a_2.tar.bz2#b1f6dccde5d3a1f911960b6e567113ff
https://conda.anaconda.org/conda-forge/osx-arm64/libffi-3.5.2-hcf2aa1b_0.conda#43c04d9cb46ef176bb2a4c77e324d599
https://conda.anaconda.org/conda-forge/osx-arm64/libusb-1.0.29-hbc156a2_0.conda#f6654e9e96e9d973981b3b2f898a5bfa
https://conda.anaconda.org/conda-forge/osx-arm64/nlohmann_json-3.12.0-h784d473_1.conda#755cfa6c08ed7b7acbee20ccbf15a47c
https://conda.anaconda.org/conda-forge/osx-arm64/libedit-3.1.20250104-pl5321hafb1f1b_0.conda#44083d2d2c2025afca315c7a172eab2b
https://conda.anaconda.org/conda-forge/osx-arm64/readline-8.3-h46df422_0.conda#f8381319127120ce51e081dce4865cf4
https://conda.anaconda.org/conda-forge/osx-arm64/liblzma-devel-5.8.3-h8088a28_0.conda#ebe1f5418d6e2d4bbc26b2c906a0a470
https://conda.anaconda.org/conda-forge/osx-arm64/libsqlite-3.53.3-h1b79a29_0.conda#7184d95871a58b8258a8ea124ed5aabc
https://conda.anaconda.org/conda-forge/osx-arm64/tk-8.6.13-hd3d0363_3.conda#8e3cf0e455e6b54519f0b1c72c61780a
https://conda.anaconda.org/conda-forge/osx-arm64/zstd-1.5.7-hbf9d68e_6.conda#ab136e4c34e97f34fb621d2592a393d8
https://conda.anaconda.org/conda-forge/osx-arm64/libpng-1.6.58-h132b30e_0.conda#2259ae0949dbe20c0665850365109b27
https://conda.anaconda.org/conda-forge/osx-arm64/double-conversion-3.4.0-hf6b4638_0.conda#5c2db157899dc09a20dcc87638066120
https://conda.anaconda.org/conda-forge/osx-arm64/libabseil-20260107.1-cxx17_h2062a1b_0.conda#bb65152e0d7c7178c0f1ee25692c9fd1
https://conda.anaconda.org/conda-forge/osx-arm64/qhull-2020.2-h420ef59_5.conda#6483b1f59526e05d7d894e466b5b6924
https://conda.anaconda.org/conda-forge/osx-arm64/snappy-1.2.2-hada39a4_1.conda#fca4a2222994acd7f691e57f94b750c5
https://conda.anaconda.org/conda-forge/osx-arm64/pixman-0.46.4-h81086ad_1.conda#17c3d745db6ea72ae2fce17e7338547f
https://conda.anaconda.org/conda-forge/osx-arm64/spirv-tools-2025.5-h4ddebb9_0.conda#50ef543ae58e5baa5790969a143a890d
https://conda.anaconda.org/conda-forge/osx-arm64/libhwy-1.4.0-ha332bbd_0.conda#7394850583ca88325244b68b532c7a39
https://conda.anaconda.org/conda-forge/osx-arm64/openh264-2.6.0-hdf0efb5_1.conda#16691d628bbf06c067c5325f6b2edf1c
https://conda.anaconda.org/conda-forge/osx-arm64/x265-3.5-hbc6ce65_3.tar.bz2#b1f7f2780feffe310b068c021e8ff9b2
https://conda.anaconda.org/conda-forge/osx-arm64/gmp-6.3.0-h7bae524_2.conda#eed7278dfbab727b56f2c0b64330814b
https://conda.anaconda.org/conda-forge/osx-arm64/graphite2-1.3.15-hf6b4638_0.conda#0d576cff278a2e60456d5b2c0a1ffda3
https://conda.anaconda.org/conda-forge/osx-arm64/jsoncpp-1.9.6-h726d253_1.conda#0ff996d1cf523fa1f7ed63113f6cc052
https://conda.anaconda.org/conda-forge/osx-arm64/lz4-c-1.10.0-h286801f_1.conda#01511afc6cc1909c5303cf31be17b44f
https://conda.anaconda.org/conda-forge/osx-arm64/libaec-1.1.5-h8664d51_0.conda#13e6d9ae0efbc9d2e9a01a91f4372b41
https://conda.anaconda.org/conda-forge/osx-arm64/cli11-2.6.2-h784d473_0.conda#d7fa57f42bc657a10352a044daa141e2
https://conda.anaconda.org/conda-forge/osx-arm64/lerc-4.1.0-h1eee2c3_0.conda#095e5749868adab9cae42d4b460e5443
https://conda.anaconda.org/conda-forge/osx-arm64/libvulkan-loader-1.4.341.0-h3feff0a_0.conda#6b4c9a5b130759136a0dde0c373cb0ea
https://conda.anaconda.org/conda-forge/osx-arm64/libvpx-1.15.2-ha759d40_0.conda#0d2febd301e25a48e00447b300d68f9c
https://conda.anaconda.org/conda-forge/osx-arm64/aom-3.9.1-h7bae524_0.conda#7adba36492a1bb22d98ffffe4f6fc6de
https://conda.anaconda.org/conda-forge/osx-arm64/svt-av1-4.0.1-h0cb729a_0.conda#8badc3bf16b62272aa2458f138223821
https://conda.anaconda.org/conda-forge/osx-arm64/rapidjson-1.1.0.post20240409-ha1acc90_2.conda#cdf23da66ced1cd0a484c3a9564eaeaa
https://conda.anaconda.org/conda-forge/osx-arm64/imath-3.2.2-h3470cca_0.conda#c1d09757f796cafb99077b8935c6239f
https://conda.anaconda.org/conda-forge/osx-arm64/pugixml-1.15-hd3d436d_0.conda#b9a4004e46de7aeb005304a13b35cb94
https://conda.anaconda.org/conda-forge/osx-arm64/fmt-12.1.0-h403dcb5_0.conda#ae2f556fbb43e5a75cc80a47ac942a8e
https://conda.anaconda.org/conda-forge/osx-arm64/zlib-ng-2.3.3-hed4e4f5_1.conda#d99c2a23a31b0172e90f456f580b695e
https://conda.anaconda.org/conda-forge/osx-arm64/geos-3.14.1-h5afe852_0.conda#4238412c29eff0bb2bb5c60a720c035a
https://conda.anaconda.org/conda-forge/osx-arm64/expat-2.8.1-hf6b4638_1.conda#79cef10347b58a6d3c10cc78614efda6
https://conda.anaconda.org/conda-forge/osx-arm64/pcre2-10.47-h30297fc_0.conda#9b4190c4055435ca3502070186eba53a
https://conda.anaconda.org/conda-forge/osx-arm64/libbrotlienc-1.2.0-hc919400_1.conda#b2b7c8288ca1a2d71ff97a8e6a1e8883
https://conda.anaconda.org/conda-forge/osx-arm64/libbrotlidec-1.2.0-hc919400_1.conda#079e88933963f3f149054eec2c487bc2
https://conda.anaconda.org/conda-forge/osx-arm64/zfp-1.0.1-ha86207d_5.conda#581bd74656ccd460cf2bbe152292a1eb
https://conda.anaconda.org/conda-forge/osx-arm64/_openmp_mutex-4.5-7_kmp_llvm.conda#a44032f282e7d2acdeb1c240308052dd
https://conda.anaconda.org/conda-forge/osx-arm64/libxcb-1.17.0-hdb1d25a_0.conda#af523aae2eca6dfa1c8eec693f5b9a79
https://conda.anaconda.org/conda-forge/osx-arm64/libvorbis-1.3.7-h81086ad_2.conda#719e7653178a09f5ca0aa05f349b41f7
https://conda.anaconda.org/conda-forge/osx-arm64/libpsl-0.22.0-h92480b3_1.conda#9bced3ae8f4bc78a5b22f7247554c9ee
https://conda.anaconda.org/conda-forge/osx-arm64/jasper-4.2.9-h7543a42_1.conda#e3f3a2a62fbaad99f327440dfd8a3ac3
https://conda.anaconda.org/conda-forge/osx-arm64/hdf4-4.2.15-h2ee6834_7.conda#ff5d749fd711dc7759e127db38005924
https://conda.anaconda.org/conda-forge/osx-arm64/libxml2-16-2.15.3-h5ef1a60_0.conda#19edaa53885fc8205614b03da2482282
https://conda.anaconda.org/conda-forge/osx-arm64/libintl-0.25.1-h493aca8_0.conda#5103f6a6b210a3912faf8d7db516918c
https://conda.anaconda.org/conda-forge/osx-arm64/sqlite-3.53.3-h85ec8f2_0.conda#b9df2fcb7e9eba945c1c946c438c4586
https://conda.anaconda.org/conda-forge/osx-arm64/libboost-1.90.0-h0419b56_1.conda#c0cc232de93ca04196d6b4e46037d1f3
https://conda.anaconda.org/conda-forge/osx-arm64/libfreetype6-2.14.3-hdfa99f5_1.conda#a0bb0678f67c464938d3693fa96f6884
https://conda.anaconda.org/conda-forge/osx-arm64/libprotobuf-6.33.5-hb82ec63_2.conda#fa6df7c5daaa2c0f22da8c742da223ec
https://conda.anaconda.org/conda-forge/osx-arm64/glslang-16.2.0-h2aca0de_0.conda#207b0eb0262d17ec1a11e9870058231c
https://conda.anaconda.org/conda-forge/osx-arm64/blosc-1.21.6-h7dd00d9_1.conda#925acfb50a750aa178f7a0aced77f351
https://conda.anaconda.org/conda-forge/osx-arm64/libtiff-4.7.2-h282da08_0.conda#6fa87106b3c041ad6d965a9411e79b94
https://conda.anaconda.org/conda-forge/osx-arm64/libjxl-0.11.2-h934fa54_1.conda#05bead8980f5ae6a070117dacec38b5b
https://conda.anaconda.org/conda-forge/osx-arm64/brotli-bin-1.2.0-hc919400_1.conda#377d015c103ad7f3371be1777f8b584c
https://conda.anaconda.org/conda-forge/osx-arm64/libgcc-15.2.0-hcbb3090_19.conda#644058123986582db33aebd4ae2ca184
https://conda.anaconda.org/conda-forge/osx-arm64/xorg-libx11-1.8.13-hf948f5a_0.conda#85b1ce864f9a18468db4c583c7778c7d
https://conda.anaconda.org/conda-forge/osx-arm64/libtheora-1.1.1-h99b78c6_1006.conda#4b0af7570b8af42ac6796da8777589d1
https://conda.anaconda.org/conda-forge/osx-arm64/libxml2-2.15.3-h5654f7c_0.conda#8e037d73747d6fe34e12d7bcac10cf21
https://conda.anaconda.org/conda-forge/osx-arm64/libglib-2.88.2-ha08bb59_0.conda#03123cafdc96cef79fc8a615f9119b79
https://conda.anaconda.org/conda-forge/osx-arm64/libboost-devel-1.90.0-hf450f58_1.conda#26b4c1e484fb6e462721f9d3d15c764b
https://conda.anaconda.org/conda-forge/osx-arm64/libfreetype-2.14.3-hce30654_1.conda#0582e67cd14cfed773be2f3b1aba08e0
https://conda.anaconda.org/conda-forge/osx-arm64/shaderc-2025.5-h1a5098f_0.conda#af219128ddcdddbf6995000a12678bdd
https://conda.anaconda.org/conda-forge/osx-arm64/openjpeg-2.5.4-hd9e9057_0.conda#4b5d3a91320976eec71678fad1e3569b
https://conda.anaconda.org/conda-forge/osx-arm64/openjph-0.30.1-h2a4d681_0.conda#1b1d7b258c71a33d01458ad1c8e04d44
https://conda.anaconda.org/conda-forge/osx-arm64/lcms2-2.19.1-hdfa7624_1.conda#d2f2c7c10e2957647d45589b7701a453
https://conda.anaconda.org/conda-forge/osx-arm64/brotli-1.2.0-h7d5ae5b_1.conda#48ece20aa479be6ac9a284772827d00c
https://conda.anaconda.org/conda-forge/osx-arm64/libgfortran5-15.2.0-hdae7583_19.conda#ba36d8c606a6a53fe0b8c12d47267b3d
https://conda.anaconda.org/conda-forge/osx-arm64/xorg-libxext-1.3.7-h84a0fba_0.conda#72851739795cdef9bb7124114c630df9
https://conda.anaconda.org/conda-forge/osx-arm64/xorg-libxrender-0.9.12-h5505292_0.conda#01690f6107fc7487529242d29bf2abe8
https://conda.anaconda.org/conda-forge/osx-arm64/libllvm20-20.1.8-h8e0c9ce_1.conda#717f1efdf0a0240255c7c34d55889d58
https://conda.anaconda.org/conda-forge/osx-arm64/libhwloc-2.13.0-default_ha97f43a_1000.conda#fed55ddd65a830cb62e78f07cfffcd41
https://conda.anaconda.org/conda-forge/osx-arm64/dbus-1.16.2-h3ff7a7c_1.conda#5a3506971d2d53023c1c4450e908a8da
https://conda.anaconda.org/conda-forge/osx-arm64/gdk-pixbuf-2.44.7-h4e57454_0.conda#f717a22e13a1499c9552ffff02d22d64
https://conda.anaconda.org/conda-forge/osx-arm64/freetype-2.14.3-hce30654_1.conda#7bd06ab4ed807154c2d9031eb5ebf025
https://conda.anaconda.org/conda-forge/osx-arm64/fontconfig-2.18.1-h2b252f5_0.conda#9d928e6a62192141fb6540a3125b1345
https://conda.anaconda.org/conda-forge/osx-arm64/openexr-3.4.13-hafff71b_1.conda#f062abba9ac3103008873dee4f9eb2d7
https://conda.anaconda.org/conda-forge/osx-arm64/libraw-0.22.2-h2d05ff4_0.conda#c312034f884b32402cd6d97dc230c495
https://conda.anaconda.org/conda-forge/osx-arm64/libplacebo-7.351.0-h176d363_2.conda#17ba1d6bd18e0b1587eb4e33fb606a2d
https://conda.anaconda.org/conda-forge/osx-arm64/libgfortran-15.2.0-h07b0088_19.conda#1ea03f87cdb1078fbc0e2b2deb63752c
https://conda.anaconda.org/conda-forge/osx-arm64/xorg-libxrandr-1.5.5-h84a0fba_0.conda#e8f2c61d7c22eb792d0633dde07ceb5e
https://conda.anaconda.org/conda-forge/osx-arm64/tbb-2023.0.0-he0260a5_2.conda#440c0a36cc20db1f28877a69afbb5e88
https://conda.anaconda.org/conda-forge/osx-arm64/sdl3-3.4.12-h6fa9c73_0.conda#adc908ce654d6bbda08851bb1457e4c7
https://conda.anaconda.org/conda-forge/osx-arm64/freeimage-3.18.0-h87663b4_25.conda#f8e018ff86f94b2161eaa871eee95a8b
https://conda.anaconda.org/conda-forge/osx-arm64/libopenblas-0.3.33-openmp_he657e61_0.conda#909e41855c29f0d52ae630198cd57135
https://conda.anaconda.org/conda-forge/osx-arm64/mesalib-25.0.5-h7902562_2.conda#5d2ffd942de637a3ad6d3a107d831624
https://conda.anaconda.org/conda-forge/osx-arm64/libopenvino-2026.0.0-h3e6d54f_1.conda#8e140a6e2a1db294892a8da72c9afb0e
https://conda.anaconda.org/conda-forge/osx-arm64/tbb-devel-2023.0.0-h7f394f9_2.conda#d4e2b050226f525f0ad64705cf302bee
https://conda.anaconda.org/conda-forge/osx-arm64/sdl2-2.32.56-h784d473_0.conda#81a4c982e9ac52e620eb810f463de9ad
https://conda.anaconda.org/conda-forge/osx-arm64/libblas-3.11.0-8_h51639a9_openblas.conda#dbfe729181a32741ae63ecb41eefbac6
https://conda.anaconda.org/conda-forge/osx-arm64/libopenvino-hetero-plugin-2026.0.0-h85cbfa6_1.conda#77d314ff80fb262dbe061527dec60263
https://conda.anaconda.org/conda-forge/osx-arm64/libopenvino-onnx-frontend-2026.0.0-h41365f2_1.conda#8d32df9ac0c17ba2735e26be190399f6
https://conda.anaconda.org/conda-forge/osx-arm64/libopenvino-auto-plugin-2026.0.0-h2406d2e_1.conda#52839e682c6bde645a9f4cdcdfc33639
https://conda.anaconda.org/conda-forge/osx-arm64/libopenvino-pytorch-frontend-2026.0.0-hf6b4638_1.conda#7cd9c1d466e5be74f5cb32f545b1b887
https://conda.anaconda.org/conda-forge/osx-arm64/libopenvino-arm-cpu-plugin-2026.0.0-h3e6d54f_1.conda#48f3117552be579619620f3b6768b52f
https://conda.anaconda.org/conda-forge/osx-arm64/libopenvino-tensorflow-frontend-2026.0.0-hc295da0_1.conda#09d1d2b4e5648afd706e2252299087f4
https://conda.anaconda.org/conda-forge/osx-arm64/libopenvino-tensorflow-lite-frontend-2026.0.0-hf6b4638_1.conda#361b9eb57e71939cf3d35fa1145a6325
https://conda.anaconda.org/conda-forge/osx-arm64/libopenvino-paddle-frontend-2026.0.0-h41365f2_1.conda#6c821b72c8e5b0467f3d39a33e357064
https://conda.anaconda.org/conda-forge/osx-arm64/libopenvino-ir-frontend-2026.0.0-h85cbfa6_1.conda#c7f37a124ab9a53444d213a3db5f9747
https://conda.anaconda.org/conda-forge/osx-arm64/libopenvino-auto-batch-plugin-2026.0.0-h2406d2e_1.conda#6012967b53bf790c2ad9160c2779d7bc
https://conda.anaconda.org/conda-forge/osx-arm64/libcblas-3.11.0-8_hb0561ab_openblas.conda#03a2ef3491da9e5b4d18c03e9f4b3109
https://conda.anaconda.org/conda-forge/osx-arm64/liblapack-3.11.0-8_hd9741b5_openblas.conda#85adeb3d469d082dbd9c8c39e36dec57
https://conda.anaconda.org/conda-forge/noarch/python_abi-3.11-8_cp311.conda#8fcb6b0e2161850556231336dae58358
https://conda.anaconda.org/conda-forge/noarch/tzdata-2026c-h151e31d_0.conda#fcb489df604d100968b737f2cb6076c6
https://conda.anaconda.org/conda-forge/noarch/font-ttf-dejavu-sans-mono-2.37-hab24e00_0.tar.bz2#0c96522c6bdaed4b1566d11387caaf45
https://conda.anaconda.org/conda-forge/noarch/font-ttf-inconsolata-3.000-h77eed37_0.tar.bz2#34893075a5c9e55cdafac56607368fc6
https://conda.anaconda.org/conda-forge/noarch/font-ttf-source-code-pro-2.038-h77eed37_0.tar.bz2#4d59c254e01d9cde7957100457e2d5fb
https://conda.anaconda.org/conda-forge/noarch/font-ttf-ubuntu-0.83-h77eed37_3.conda#49023d73832ef61042f6a237cb2687e7
https://conda.anaconda.org/conda-forge/noarch/ca-certificates-2026.6.17-hbd8a1cb_0.conda#a9965dd99f683c5f444428f896635716
https://conda.anaconda.org/conda-forge/noarch/fonts-conda-forge-1-hc364b38_1.conda#a7970cd949a077b7cb9696379d338681
https://conda.anaconda.org/conda-forge/noarch/fonts-conda-ecosystem-1-0.tar.bz2#fee5683a3f04bd15cbd8318b096a27ab
https://conda.anaconda.org/conda-forge/osx-arm64/openssl-3.6.3-hd24854e_0.conda#8187a86242741725bfa74785fe812979
https://conda.anaconda.org/conda-forge/osx-arm64/cairo-1.18.4-he0f2337_1.conda#36200ecfbbfbcb82063c87725434161f
https://conda.anaconda.org/conda-forge/osx-arm64/libssh2-1.11.1-h1590b86_0.conda#b68e8f66b94b44aaa8de4583d3d4cc40
https://conda.anaconda.org/conda-forge/osx-arm64/libzip-1.11.2-h1336266_0.conda#7177414f275db66735a17d316b0a81d6
https://conda.anaconda.org/conda-forge/osx-arm64/krb5-1.22.2-hfd3d5f3_1.conda#8780f41b013d19219faef9c82260744b
https://conda.anaconda.org/conda-forge/osx-arm64/libnghttp2-1.68.1-h8f3e76b_0.conda#6ea18834adbc3b33df9bd9fb45eaf95b
https://conda.anaconda.org/conda-forge/osx-arm64/python-3.11.15-h0c9c016_1_cpython.conda#91607d75cdf9fafc95061e3763582657
https://conda.anaconda.org/conda-forge/osx-arm64/libharfbuzz-14.2.1-h5a65909_1.conda#e8d6e86663316dfbdec7dac532824516
https://conda.anaconda.org/conda-forge/osx-arm64/cyrus-sasl-2.1.28-hb961e35_1.conda#784c64a42b083798c5acd2373df5b825
https://conda.anaconda.org/conda-forge/osx-arm64/libcurl-8.21.0-h1359186_2.conda#dfe89fb0539ad4611998a5c6905692ff
https://conda.anaconda.org/conda-forge/osx-arm64/propcache-0.5.2-py311hc290fe0_0.conda#757ef7785e30f794a6b52957af5d81fa
https://conda.anaconda.org/conda-forge/osx-arm64/multidict-6.7.1-py311ha275503_0.conda#a57b7e57a380097482d5a89a44f0a5c4
https://conda.anaconda.org/conda-forge/osx-arm64/kiwisolver-1.5.0-py311h7d85929_0.conda#9b4b32f37ebf95463c38636ae2f2ec56
https://conda.anaconda.org/conda-forge/osx-arm64/frozenlist-1.8.0-py311hf75086c_0.conda#abb28a2132a7c4587f406fab77b777ce
https://conda.anaconda.org/conda-forge/osx-arm64/msgpack-python-1.2.1-py311h7d85929_1.conda#b5699019c31a9bd367a17327c4a9abbc
https://conda.anaconda.org/conda-forge/osx-arm64/pypdfium2-5.12.0-py311hbea7f41_0.conda#9ad5eeb68360b4ae45a4126b8dd2e228
https://conda.anaconda.org/conda-forge/osx-arm64/pillow-12.3.0-py311hd37aea2_0.conda#26ba3b773222fada6f89baf4846190e3
https://conda.anaconda.org/conda-forge/osx-arm64/unicodedata2-17.0.1-py311hc949640_0.conda#a9d9010d246205c63f824b0bcf050acd
https://conda.anaconda.org/conda-forge/osx-arm64/numpy-2.3.5-py311had1e860_1.conda#4fbf355f73e5bf2306472e99f40d3ed4
https://conda.anaconda.org/conda-forge/osx-arm64/libraqm-0.10.5-h45af499_1.conda#fa1a27aaaa10e92be48372fa01573f7c
https://conda.anaconda.org/conda-forge/osx-arm64/libharfbuzz-devel-14.2.1-h5a65909_1.conda#e538f961a3042abf8307c5c5a6d6b09b
https://conda.anaconda.org/conda-forge/osx-arm64/openldap-2.6.13-hf7f56bc_0.conda#7940b03e5c1e85b0c8b8a74f3011783f
https://conda.anaconda.org/conda-forge/osx-arm64/hdf5-1.14.6-nompi_had3affe_110.conda#65797138355b90a8e219afcf7e77b273
https://conda.anaconda.org/conda-forge/osx-arm64/proj-9.8.1-ha88f16d_0.conda#1d135fa1ea825987507d1e14e4187b1e
https://conda.anaconda.org/conda-forge/osx-arm64/contourpy-1.3.3-py311h7d85929_4.conda#bd91dd35d73638e5c0f520a18850f6ba
https://conda.anaconda.org/conda-forge/osx-arm64/shapely-2.1.2-py311hd4fb369_2.conda#254f47aa45148e698c9bca05cbb52473
https://conda.anaconda.org/conda-forge/osx-arm64/scipy-1.16.3-py311ha71c161_2.conda#1283a5d5d1c10e981638d2bd02c4eac6
https://conda.anaconda.org/conda-forge/osx-arm64/harfbuzz-14.2.1-hce30654_1.conda#95896299aa1012c7410629b2ee360f87
https://conda.anaconda.org/conda-forge/osx-arm64/libpq-18.4-ha770aab_0.conda#aa54929e5de39fc4ddd538650cdc2c86
https://conda.anaconda.org/conda-forge/osx-arm64/libnetcdf-4.10.0-nompi_h12274ac_205.conda#f45ae13a65819ac2941d5e67c26ed1f8
https://conda.anaconda.org/conda-forge/osx-arm64/viskores-1.1.0-h052cd35_0.conda#5cd7ecdb91a1efd7a11fa8fe3d8992b4
https://conda.anaconda.org/conda-forge/osx-arm64/pango-1.56.4-hf80efc4_1.conda#4b433508ebb295c05dd3d03daf27f7bb
https://conda.anaconda.org/conda-forge/osx-arm64/libass-0.17.4-hcbd7ca7_0.conda#0977f4a79496437ff3a2c97d13c4c223
https://conda.anaconda.org/conda-forge/osx-arm64/qt6-main-6.11.1-pl5321h7775a44_1.conda#be311a46235aee60eb710d6d90fcc469
https://conda.anaconda.org/conda-forge/osx-arm64/librsvg-2.62.3-he8aa2a2_0.conda#6973724fadafe66ac6e4f1c55c191407
https://conda.anaconda.org/conda-forge/osx-arm64/ffmpeg-8.1.0-gpl_ha5d8480_100.conda#cfb9d54f291b977fe45b3ea5b6591605
https://conda.anaconda.org/conda-forge/noarch/idna-3.18-pyhcf101f3_0.conda#577b04680ae422adb86fc60d7b940659
https://conda.anaconda.org/conda-forge/noarch/six-1.17.0-pyhe01879c_1.conda#3339e3b65d58accf4ca4fb8748ab16b3
https://conda.anaconda.org/conda-forge/noarch/aiohappyeyeballs-2.7.1-pyhd8ed1ab_0.conda#e51e09bf3b91c62b7461a9f94e92c2c9
https://conda.anaconda.org/conda-forge/noarch/attrs-26.1.0-pyhcf101f3_0.conda#c6b0543676ecb1fb2d7643941fe375f2
https://conda.anaconda.org/conda-forge/noarch/cycler-0.12.1-pyhcf101f3_2.conda#4c2a8fef270f6c69591889b93f9f55c1
https://conda.anaconda.org/conda-forge/noarch/pycparser-3.0-pyhcf101f3_0.conda#9c5491066224083c41b6d5635ed7107b
https://conda.anaconda.org/conda-forge/noarch/packaging-26.2-pyhc364b38_0.conda#4c06a92e74452cfa53623a81592e8934
https://conda.anaconda.org/conda-forge/noarch/charset-normalizer-3.4.9-pyhd8ed1ab_0.conda#d154b40b109e503430979e8a8d099eaf
https://conda.anaconda.org/conda-forge/noarch/setuptools-83.0.0-pyh332efcf_0.conda#6bf6acbab2499830180ec88c3aff2fa4
https://conda.anaconda.org/conda-forge/noarch/munkres-1.1.4-pyhd8ed1ab_1.conda#37293a85a0f4f77bbd9cf7aaefc62609
https://conda.anaconda.org/conda-forge/noarch/pyparsing-3.3.2-pyhcf101f3_0.conda#3687cc0b82a8b4c17e1f0eb7e47163d5
https://conda.anaconda.org/conda-forge/noarch/typing_extensions-4.16.0-pyhcf101f3_0.conda#c70ad746c22219b9700931707482992c
https://conda.anaconda.org/conda-forge/noarch/python-dateutil-2.9.0.post0-pyhe01879c_2.conda#5b8d21249ff20967101ffa321cab24e8
https://conda.anaconda.org/conda-forge/noarch/wheel-0.47.0-pyhd8ed1ab_0.conda#d0e3b2f0030cf4fca58bde71d246e94c
https://conda.anaconda.org/conda-forge/noarch/svgwrite-1.4.3-pyhd8ed1ab_1.conda#9a13b437c86284d668ba1ad03647f6c7
https://conda.anaconda.org/conda-forge/noarch/aiosignal-1.4.0-pyhd8ed1ab_0.conda#421a865222cd0c9d83ff08bc78bf3a61
https://conda.anaconda.org/conda-forge/noarch/pip-26.1.2-pyh8b19718_0.conda#511fbc2c63d2c73650ad1755e4d357ba
https://conda.anaconda.org/conda-forge/osx-arm64/yarl-1.24.2-py311hc290fe0_0.conda#59bf735a79ec0190c0638ddb563d6e74
https://conda.anaconda.org/conda-forge/osx-arm64/cffi-2.1.0-py311h833bfeb_0.conda#eda60fa2b167c49a1b033450b4af6032
https://conda.anaconda.org/conda-forge/osx-arm64/fonttools-4.63.0-py311hc290fe0_0.conda#23ee082b5c5dc73c19dc0b6451d35079
https://conda.anaconda.org/conda-forge/osx-arm64/aiohttp-3.14.1-py311h6771f6e_0.conda#f125cd5bf78b0906051bc582753df1b0
https://conda.anaconda.org/conda-forge/osx-arm64/cryptography-49.0.0-py311hbb43c59_0.conda#ef82f0633add68a5c0c022920a39eb83
https://conda.anaconda.org/conda-forge/osx-arm64/matplotlib-base-3.11.0-py311h00527d9_1.conda#1dcfd30f3550680d19484b0b500b10f0
https://conda.anaconda.org/conda-forge/osx-arm64/ezdxf-1.4.2-py311h5a204ed_1.conda#a32860183a189b3f885693567dd77150
https://conda.anaconda.org/conda-forge/noarch/wslink-2.5.7-pyhd8ed1ab_0.conda#410dee7cbee308f33b01645f16f11efc
https://conda.anaconda.org/conda-forge/noarch/pdfminer.six-20260107-pyhd8ed1ab_1.conda#0a9e70ce4935251878a11eb5bd70abd0
https://conda.anaconda.org/conda-forge/noarch/pdfplumber-0.11.10-pyhcf101f3_1.conda#876951b803b2e6f82a468a9162275377
https://conda.anaconda.org/conda-forge/osx-arm64/vtk-base-9.6.1-py311h8180ef4_3.conda#bf60bdaf18ef5a69fe25331edba544b6
https://conda.anaconda.org/conda-forge/osx-arm64/vtk-io-ffmpeg-9.6.1-py311h8b605c3_3.conda#7004967c99ad3e278911d1d2b057527c
https://conda.anaconda.org/conda-forge/osx-arm64/vtk-9.6.1-py311ha279506_4.conda#7fea47ccf3139b44568849c20f7db44c
https://conda.anaconda.org/conda-forge/osx-arm64/occt-7.9.3-all_h4856ae7_203.conda#e5f020c303978e5ce2bde4a73a5cd62f
https://conda.anaconda.org/conda-forge/osx-arm64/pythonocc-core-7.9.3-all_h4028f8e_203.conda#5063ded7c855d77c3252221842989aa0
